// !$*UTF8*$!
{
	archiveVersion = 1;
	classes = {
	};
	objectVersion = 56;
	objects = {

/* Begin PBXBuildFile section */
		B80BEDDC2AF9994800022955 /* GlobalNavigationDestinationFactory.swift in Sources */ = {isa = PBXBuildFile; fileRef = B80BEDDB2AF9994800022955 /* GlobalNavigationDestinationFactory.swift */; };
		B83D08522AE3EDB3003A4EF5 /* SDSwiftUIRouterApp.swift in Sources */ = {isa = PBXBuildFile; fileRef = B83D08512AE3EDB3003A4EF5 /* SDSwiftUIRouterApp.swift */; };
		B83D08542AE3EDB3003A4EF5 /* ContentView.swift in Sources */ = {isa = PBXBuildFile; fileRef = B83D08532AE3EDB3003A4EF5 /* ContentView.swift */; };
		B83D08562AE3EDB5003A4EF5 /* Assets.xcassets in Resources */ = {isa = PBXBuildFile; fileRef = B83D08552AE3EDB5003A4EF5 /* Assets.xcassets */; };
		B83D08592AE3EDB5003A4EF5 /* Preview Assets.xcassets in Resources */ = {isa = PBXBuildFile; fileRef = B83D08582AE3EDB5003A4EF5 /* Preview Assets.xcassets */; };
		B83D086A2AE455FB003A4EF5 /* Router in Frameworks */ = {isa = PBXBuildFile; productRef = B83D08692AE455FB003A4EF5 /* Router */; };
		B83D086C2AE456CF003A4EF5 /* DefaultTabRouter.swift in Sources */ = {isa = PBXBuildFile; fileRef = B83D086B2AE456CF003A4EF5 /* DefaultTabRouter.swift */; };
		B83D08752AE457F1003A4EF5 /* TabOneView.swift in Sources */ = {isa = PBXBuildFile; fileRef = B83D08742AE457F1003A4EF5 /* TabOneView.swift */; };
		B83D08772AE457FC003A4EF5 /* TabOneView+ViewModel.swift in Sources */ = {isa = PBXBuildFile; fileRef = B83D08762AE457FC003A4EF5 /* TabOneView+ViewModel.swift */; };
		B83D08882AE4691B003A4EF5 /* TabTwoView+ViewModel.swift in Sources */ = {isa = PBXBuildFile; fileRef = B83D08852AE4691B003A4EF5 /* TabTwoView+ViewModel.swift */; };
		B83D08892AE4691B003A4EF5 /* TabTwoView.swift in Sources */ = {isa = PBXBuildFile; fileRef = B83D08862AE4691B003A4EF5 /* TabTwoView.swift */; };
		B83D08902AE46B22003A4EF5 /* SomeDestinationView.swift in Sources */ = {isa = PBXBuildFile; fileRef = B83D088D2AE46B22003A4EF5 /* SomeDestinationView.swift */; };
		B83D08912AE46B22003A4EF5 /* SomeDestinationView+ViewModel.swift in Sources */ = {isa = PBXBuildFile; fileRef = B83D088E2AE46B22003A4EF5 /* SomeDestinationView+ViewModel.swift */; };
		B83D08AC2AE4910D003A4EF5 /* DefaultNavigationRouter.swift in Sources */ = {isa = PBXBuildFile; fileRef = B83D08AB2AE4910D003A4EF5 /* DefaultNavigationRouter.swift */; };
		B83D08AE2AE4FF0C003A4EF5 /* DefaultPresentationRouter.swift in Sources */ = {isa = PBXBuildFile; fileRef = B83D08AD2AE4FF0C003A4EF5 /* DefaultPresentationRouter.swift */; };
		B849D1BA2AF57B3800DA2A81 /* LoginView.swift in Sources */ = {isa = PBXBuildFile; fileRef = B849D1B92AF57B3800DA2A81 /* LoginView.swift */; };
		B849D1C12AF57FE600DA2A81 /* Authentication.swift in Sources */ = {isa = PBXBuildFile; fileRef = B849D1C02AF57FE600DA2A81 /* Authentication.swift */; };
		B849D1C32AF58D8A00DA2A81 /* AuthenticationObserver.swift in Sources */ = {isa = PBXBuildFile; fileRef = B849D1C22AF58D8A00DA2A81 /* AuthenticationObserver.swift */; };
		B8B07A442AF5719D000E2ACC /* TabItemLabel.swift in Sources */ = {isa = PBXBuildFile; fileRef = B8B07A432AF5719D000E2ACC /* TabItemLabel.swift */; };
		B8B07A462AF571A2000E2ACC /* ViewExtensions.swift in Sources */ = {isa = PBXBuildFile; fileRef = B8B07A452AF571A2000E2ACC /* ViewExtensions.swift */; };
/* End PBXBuildFile section */

/* Begin PBXFileReference section */
		B80BEDDB2AF9994800022955 /* GlobalNavigationDestinationFactory.swift */ = {isa = PBXFileReference; lastKnownFileType = sourcecode.swift; path = GlobalNavigationDestinationFactory.swift; sourceTree = "<group>"; };
		B83D084E2AE3EDB3003A4EF5 /* SDSwiftUIRouter.app */ = {isa = PBXFileReference; explicitFileType = wrapper.application; includeInIndex = 0; path = SDSwiftUIRouter.app; sourceTree = BUILT_PRODUCTS_DIR; };
		B83D08512AE3EDB3003A4EF5 /* SDSwiftUIRouterApp.swift */ = {isa = PBXFileReference; lastKnownFileType = sourcecode.swift; path = SDSwiftUIRouterApp.swift; sourceTree = "<group>"; };
		B83D08532AE3EDB3003A4EF5 /* ContentView.swift */ = {isa = PBXFileReference; lastKnownFileType = sourcecode.swift; path = ContentView.swift; sourceTree = "<group>"; };
		B83D08552AE3EDB5003A4EF5 /* Assets.xcassets */ = {isa = PBXFileReference; lastKnownFileType = folder.assetcatalog; path = Assets.xcassets; sourceTree = "<group>"; };
		B83D08582AE3EDB5003A4EF5 /* Preview Assets.xcassets */ = {isa = PBXFileReference; lastKnownFileType = folder.assetcatalog; path = "Preview Assets.xcassets"; sourceTree = "<group>"; };
		B83D08632AE447F2003A4EF5 /* Router */ = {isa = PBXFileReference; lastKnownFileType = wrapper; path = Router; sourceTree = "<group>"; };
		B83D086B2AE456CF003A4EF5 /* DefaultTabRouter.swift */ = {isa = PBXFileReference; lastKnownFileType = sourcecode.swift; path = DefaultTabRouter.swift; sourceTree = "<group>"; };
		B83D08742AE457F1003A4EF5 /* TabOneView.swift */ = {isa = PBXFileReference; lastKnownFileType = sourcecode.swift; path = TabOneView.swift; sourceTree = "<group>"; };
		B83D08762AE457FC003A4EF5 /* TabOneView+ViewModel.swift */ = {isa = PBXFileReference; lastKnownFileType = sourcecode.swift; path = "TabOneView+ViewModel.swift"; sourceTree = "<group>"; };
		B83D08852AE4691B003A4EF5 /* TabTwoView+ViewModel.swift */ = {isa = PBXFileReference; fileEncoding = 4; lastKnownFileType = sourcecode.swift; path = "TabTwoView+ViewModel.swift"; sourceTree = "<group>"; };
		B83D08862AE4691B003A4EF5 /* TabTwoView.swift */ = {isa = PBXFileReference; fileEncoding = 4; lastKnownFileType = sourcecode.swift; path = TabTwoView.swift; sourceTree = "<group>"; };
		B83D088D2AE46B22003A4EF5 /* SomeDestinationView.swift */ = {isa = PBXFileReference; fileEncoding = 4; lastKnownFileType = sourcecode.swift; path = SomeDestinationView.swift; sourceTree = "<group>"; };
		B83D088E2AE46B22003A4EF5 /* SomeDestinationView+ViewModel.swift */ = {isa = PBXFileReference; fileEncoding = 4; lastKnownFileType = sourcecode.swift; path = "SomeDestinationView+ViewModel.swift"; sourceTree = "<group>"; };
		B83D08AB2AE4910D003A4EF5 /* DefaultNavigationRouter.swift */ = {isa = PBXFileReference; lastKnownFileType = sourcecode.swift; path = DefaultNavigationRouter.swift; sourceTree = "<group>"; };
		B83D08AD2AE4FF0C003A4EF5 /* DefaultPresentationRouter.swift */ = {isa = PBXFileReference; lastKnownFileType = sourcecode.swift; path = DefaultPresentationRouter.swift; sourceTree = "<group>"; };
		B849D1B92AF57B3800DA2A81 /* LoginView.swift */ = {isa = PBXFileReference; lastKnownFileType = sourcecode.swift; path = LoginView.swift; sourceTree = "<group>"; };
		B849D1C02AF57FE600DA2A81 /* Authentication.swift */ = {isa = PBXFileReference; lastKnownFileType = sourcecode.swift; path = Authentication.swift; sourceTree = "<group>"; };
		B849D1C22AF58D8A00DA2A81 /* AuthenticationObserver.swift */ = {isa = PBXFileReference; lastKnownFileType = sourcecode.swift; path = AuthenticationObserver.swift; sourceTree = "<group>"; };
		B8B07A432AF5719D000E2ACC /* TabItemLabel.swift */ = {isa = PBXFileReference; fileEncoding = 4; lastKnownFileType = sourcecode.swift; path = TabItemLabel.swift; sourceTree = "<group>"; };
		B8B07A452AF571A2000E2ACC /* ViewExtensions.swift */ = {isa = PBXFileReference; fileEncoding = 4; lastKnownFileType = sourcecode.swift; path = ViewExtensions.swift; sourceTree = "<group>"; };
/* End PBXFileReference section */

/* Begin PBXFrameworksBuildPhase section */
		B83D084B2AE3EDB3003A4EF5 /* Frameworks */ = {
			isa = PBXFrameworksBuildPhase;
			buildActionMask = 2147483647;
			files = (
				B83D086A2AE455FB003A4EF5 /* Router in Frameworks */,
			);
			runOnlyForDeploymentPostprocessing = 0;
		};
/* End PBXFrameworksBuildPhase section */

/* Begin PBXGroup section */
		B83D08452AE3EDB2003A4EF5 = {
			isa = PBXGroup;
			children = (
				B83D08502AE3EDB3003A4EF5 /* SDSwiftUIRouter */,
				B83D08632AE447F2003A4EF5 /* Router */,
				B83D084F2AE3EDB3003A4EF5 /* Products */,
				B83D08682AE455FB003A4EF5 /* Frameworks */,
			);
			sourceTree = "<group>";
		};
		B83D084F2AE3EDB3003A4EF5 /* Products */ = {
			isa = PBXGroup;
			children = (
				B83D084E2AE3EDB3003A4EF5 /* SDSwiftUIRouter.app */,
			);
			name = Products;
			sourceTree = "<group>";
		};
		B83D08502AE3EDB3003A4EF5 /* SDSwiftUIRouter */ = {
			isa = PBXGroup;
			children = (
				B83D08AF2AE5086C003A4EF5 /* Routers */,
				B83D08732AE457DE003A4EF5 /* Tabs */,
				B8B07A482AF57201000E2ACC /* Views */,
				B849D1BF2AF57FD000DA2A81 /* Models */,
				B8B07A472AF571EE000E2ACC /* Utilities */,
				B83D08512AE3EDB3003A4EF5 /* SDSwiftUIRouterApp.swift */,
				B83D08532AE3EDB3003A4EF5 /* ContentView.swift */,
				B83D08552AE3EDB5003A4EF5 /* Assets.xcassets */,
				B83D08572AE3EDB5003A4EF5 /* Preview Content */,
			);
			path = SDSwiftUIRouter;
			sourceTree = "<group>";
		};
		B83D08572AE3EDB5003A4EF5 /* Preview Content */ = {
			isa = PBXGroup;
			children = (
				B83D08582AE3EDB5003A4EF5 /* Preview Assets.xcassets */,
			);
			path = "Preview Content";
			sourceTree = "<group>";
		};
		B83D08682AE455FB003A4EF5 /* Frameworks */ = {
			isa = PBXGroup;
			children = (
			);
			name = Frameworks;
			sourceTree = "<group>";
		};
		B83D08722AE457D6003A4EF5 /* Tab One */ = {
			isa = PBXGroup;
			children = (
				B83D08742AE457F1003A4EF5 /* TabOneView.swift */,
				B83D08762AE457FC003A4EF5 /* TabOneView+ViewModel.swift */,
			);
			path = "Tab One";
			sourceTree = "<group>";
		};
		B83D08732AE457DE003A4EF5 /* Tabs */ = {
			isa = PBXGroup;
			children = (
				B83D08722AE457D6003A4EF5 /* Tab One */,
				B83D08842AE4691B003A4EF5 /* Tab Two */,
			);
			path = Tabs;
			sourceTree = "<group>";
		};
		B83D08842AE4691B003A4EF5 /* Tab Two */ = {
			isa = PBXGroup;
			children = (
				B83D08862AE4691B003A4EF5 /* TabTwoView.swift */,
				B83D08852AE4691B003A4EF5 /* TabTwoView+ViewModel.swift */,
			);
			path = "Tab Two";
			sourceTree = "<group>";
		};
		B83D088B2AE46B22003A4EF5 /* Some Destination */ = {
			isa = PBXGroup;
			children = (
				B83D088D2AE46B22003A4EF5 /* SomeDestinationView.swift */,
				B83D088E2AE46B22003A4EF5 /* SomeDestinationView+ViewModel.swift */,
			);
			path = "Some Destination";
			sourceTree = "<group>";
		};
		B83D08AF2AE5086C003A4EF5 /* Routers */ = {
			isa = PBXGroup;
			children = (
				B80BEDDB2AF9994800022955 /* GlobalNavigationDestinationFactory.swift */,
				B83D08AB2AE4910D003A4EF5 /* DefaultNavigationRouter.swift */,
				B83D08AD2AE4FF0C003A4EF5 /* DefaultPresentationRouter.swift */,
				B83D086B2AE456CF003A4EF5 /* DefaultTabRouter.swift */,
			);
			path = Routers;
			sourceTree = "<group>";
		};
		B849D1B82AF57B2800DA2A81 /* Login */ = {
			isa = PBXGroup;
			children = (
				B849D1B92AF57B3800DA2A81 /* LoginView.swift */,
			);
			path = Login;
			sourceTree = "<group>";
		};
		B849D1BF2AF57FD000DA2A81 /* Models */ = {
			isa = PBXGroup;
			children = (
				B849D1C02AF57FE600DA2A81 /* Authentication.swift */,
				B849D1C22AF58D8A00DA2A81 /* AuthenticationObserver.swift */,
			);
			path = Models;
			sourceTree = "<group>";
		};
		B8B07A412AF57179000E2ACC /* Extensions */ = {
			isa = PBXGroup;
			children = (
				B8B07A452AF571A2000E2ACC /* ViewExtensions.swift */,
			);
			path = Extensions;
			sourceTree = "<group>";
		};
		B8B07A422AF5718E000E2ACC /* View Modifiers */ = {
			isa = PBXGroup;
			children = (
				B8B07A432AF5719D000E2ACC /* TabItemLabel.swift */,
			);
			path = "View Modifiers";
			sourceTree = "<group>";
		};
		B8B07A472AF571EE000E2ACC /* Utilities */ = {
			isa = PBXGroup;
			children = (
				B8B07A412AF57179000E2ACC /* Extensions */,
				B8B07A422AF5718E000E2ACC /* View Modifiers */,
			);
			path = Utilities;
			sourceTree = "<group>";
		};
		B8B07A482AF57201000E2ACC /* Views */ = {
			isa = PBXGroup;
			children = (
				B849D1B82AF57B2800DA2A81 /* Login */,
				B83D088B2AE46B22003A4EF5 /* Some Destination */,
			);
			path = Views;
			sourceTree = "<group>";
		};
/* End PBXGroup section */

/* Begin PBXNativeTarget section */
		B83D084D2AE3EDB3003A4EF5 /* SDSwiftUIRouter */ = {
			isa = PBXNativeTarget;
			buildConfigurationList = B83D085C2AE3EDB5003A4EF5 /* Build configuration list for PBXNativeTarget "SDSwiftUIRouter" */;
			buildPhases = (
				B83D084A2AE3EDB3003A4EF5 /* Sources */,
				B83D084B2AE3EDB3003A4EF5 /* Frameworks */,
				B83D084C2AE3EDB3003A4EF5 /* Resources */,
			);
			buildRules = (
			);
			dependencies = (
			);
			name = SDSwiftUIRouter;
			packageProductDependencies = (
				B83D08692AE455FB003A4EF5 /* Router */,
			);
			productName = SDSwiftUIRouter;
			productReference = B83D084E2AE3EDB3003A4EF5 /* SDSwiftUIRouter.app */;
			productType = "com.apple.product-type.application";
		};
/* End PBXNativeTarget section */

/* Begin PBXProject section */
		B83D08462AE3EDB2003A4EF5 /* Project object */ = {
			isa = PBXProject;
			attributes = {
				BuildIndependentTargetsInParallel = 1;
				LastSwiftUpdateCheck = 1500;
				LastUpgradeCheck = 1500;
				TargetAttributes = {
					B83D084D2AE3EDB3003A4EF5 = {
						CreatedOnToolsVersion = 15.0.1;
					};
				};
			};
			buildConfigurationList = B83D08492AE3EDB2003A4EF5 /* Build configuration list for PBXProject "SDSwiftUIRouter" */;
			compatibilityVersion = "Xcode 14.0";
			developmentRegion = en;
			hasScannedForEncodings = 0;
			knownRegions = (
				en,
				Base,
			);
			mainGroup = B83D08452AE3EDB2003A4EF5;
			productRefGroup = B83D084F2AE3EDB3003A4EF5 /* Products */;
			projectDirPath = "";
			projectRoot = "";
			targets = (
				B83D084D2AE3EDB3003A4EF5 /* SDSwiftUIRouter */,
			);
		};
/* End PBXProject section */

/* Begin PBXResourcesBuildPhase section */
		B83D084C2AE3EDB3003A4EF5 /* Resources */ = {
			isa = PBXResourcesBuildPhase;
			buildActionMask = 2147483647;
			files = (
				B83D08592AE3EDB5003A4EF5 /* Preview Assets.xcassets in Resources */,
				B83D08562AE3EDB5003A4EF5 /* Assets.xcassets in Resources */,
			);
			runOnlyForDeploymentPostprocessing = 0;
		};
/* End PBXResourcesBuildPhase section */

/* Begin PBXSourcesBuildPhase section */
		B83D084A2AE3EDB3003A4EF5 /* Sources */ = {
			isa = PBXSourcesBuildPhase;
			buildActionMask = 2147483647;
			files = (
				B83D08882AE4691B003A4EF5 /* TabTwoView+ViewModel.swift in Sources */,
				B83D08AC2AE4910D003A4EF5 /* DefaultNavigationRouter.swift in Sources */,
				B83D08772AE457FC003A4EF5 /* TabOneView+ViewModel.swift in Sources */,
				B83D08542AE3EDB3003A4EF5 /* ContentView.swift in Sources */,
				B83D08892AE4691B003A4EF5 /* TabTwoView.swift in Sources */,
				B849D1BA2AF57B3800DA2A81 /* LoginView.swift in Sources */,
				B83D086C2AE456CF003A4EF5 /* DefaultTabRouter.swift in Sources */,
				B83D08902AE46B22003A4EF5 /* SomeDestinationView.swift in Sources */,
				B8B07A462AF571A2000E2ACC /* ViewExtensions.swift in Sources */,
				B83D08752AE457F1003A4EF5 /* TabOneView.swift in Sources */,
				B83D08912AE46B22003A4EF5 /* SomeDestinationView+ViewModel.swift in Sources */,
				B83D08AE2AE4FF0C003A4EF5 /* DefaultPresentationRouter.swift in Sources */,
				B83D08522AE3EDB3003A4EF5 /* SDSwiftUIRouterApp.swift in Sources */,
				B8B07A442AF5719D000E2ACC /* TabItemLabel.swift in Sources */,
				B80BEDDC2AF9994800022955 /* GlobalNavigationDestinationFactory.swift in Sources */,
				B849D1C12AF57FE600DA2A81 /* Authentication.swift in Sources */,
				B849D1C32AF58D8A00DA2A81 /* AuthenticationObserver.swift in Sources */,
			);
			runOnlyForDeploymentPostprocessing = 0;
		};
/* End PBXSourcesBuildPhase section */

/* Begin XCBuildConfiguration section */
		B83D085A2AE3EDB5003A4EF5 /* Debug */ = {
			isa = XCBuildConfiguration;
			buildSettings = {
				ALWAYS_SEARCH_USER_PATHS = NO;
				ASSETCATALOG_COMPILER_GENERATE_SWIFT_ASSET_SYMBOL_EXTENSIONS = YES;
				CLANG_ANALYZER_NONNULL = YES;
				CLANG_ANALYZER_NUMBER_OBJECT_CONVERSION = YES_AGGRESSIVE;
				CLANG_CXX_LANGUAGE_STANDARD = "gnu++20";
				CLANG_ENABLE_MODULES = YES;
				CLANG_ENABLE_OBJC_ARC = YES;
				CLANG_ENABLE_OBJC_WEAK = YES;
				CLANG_WARN_BLOCK_CAPTURE_AUTORELEASING = YES;
				CLANG_WARN_BOOL_CONVERSION = YES;
				CLANG_WARN_COMMA = YES;
				CLANG_WARN_CONSTANT_CONVERSION = YES;
				CLANG_WARN_DEPRECATED_OBJC_IMPLEMENTATIONS = YES;
				CLANG_WARN_DIRECT_OBJC_ISA_USAGE = YES_ERROR;
				CLANG_WARN_DOCUMENTATION_COMMENTS = YES;
				CLANG_WARN_EMPTY_BODY = YES;
				CLANG_WARN_ENUM_CONVERSION = YES;
				CLANG_WARN_INFINITE_RECURSION = YES;
				CLANG_WARN_INT_CONVERSION = YES;
				CLANG_WARN_NON_LITERAL_NULL_CONVERSION = YES;
				CLANG_WARN_OBJC_IMPLICIT_RETAIN_SELF = YES;
				CLANG_WARN_OBJC_LITERAL_CONVERSION = YES;
				CLANG_WARN_OBJC_ROOT_CLASS = YES_ERROR;
				CLANG_WARN_QUOTED_INCLUDE_IN_FRAMEWORK_HEADER = YES;
				CLANG_WARN_RANGE_LOOP_ANALYSIS = YES;
				CLANG_WARN_STRICT_PROTOTYPES = YES;
				CLANG_WARN_SUSPICIOUS_MOVE = YES;
				CLANG_WARN_UNGUARDED_AVAILABILITY = YES_AGGRESSIVE;
				CLANG_WARN_UNREACHABLE_CODE = YES;
				CLANG_WARN__DUPLICATE_METHOD_MATCH = YES;
				COPY_PHASE_STRIP = NO;
				DEBUG_INFORMATION_FORMAT = dwarf;
				ENABLE_STRICT_OBJC_MSGSEND = YES;
				ENABLE_TESTABILITY = YES;
				ENABLE_USER_SCRIPT_SANDBOXING = YES;
				GCC_C_LANGUAGE_STANDARD = gnu17;
				GCC_DYNAMIC_NO_PIC = NO;
				GCC_NO_COMMON_BLOCKS = YES;
				GCC_OPTIMIZATION_LEVEL = 0;
				GCC_PREPROCESSOR_DEFINITIONS = (
					"DEBUG=1",
					"$(inherited)",
				);
				GCC_WARN_64_TO_32_BIT_CONVERSION = YES;
				GCC_WARN_ABOUT_RETURN_TYPE = YES_ERROR;
				GCC_WARN_UNDECLARED_SELECTOR = YES;
				GCC_WARN_UNINITIALIZED_AUTOS = YES_AGGRESSIVE;
				GCC_WARN_UNUSED_FUNCTION = YES;
				GCC_WARN_UNUSED_VARIABLE = YES;
				IPHONEOS_DEPLOYMENT_TARGET = 17.0;
				LOCALIZATION_PREFERS_STRING_CATALOGS = YES;
				MTL_ENABLE_DEBUG_INFO = INCLUDE_SOURCE;
				MTL_FAST_MATH = YES;
				ONLY_ACTIVE_ARCH = YES;
				SDKROOT = iphoneos;
				SWIFT_ACTIVE_COMPILATION_CONDITIONS = "DEBUG $(inherited)";
				SWIFT_OPTIMIZATION_LEVEL = "-Onone";
			};
			name = Debug;
		};
		B83D085B2AE3EDB5003A4EF5 /* Release */ = {
			isa = XCBuildConfiguration;
			buildSettings = {
				ALWAYS_SEARCH_USER_PATHS = NO;
				ASSETCATALOG_COMPILER_GENERATE_SWIFT_ASSET_SYMBOL_EXTENSIONS = YES;
				CLANG_ANALYZER_NONNULL = YES;
				CLANG_ANALYZER_NUMBER_OBJECT_CONVERSION = YES_AGGRESSIVE;
				CLANG_CXX_LANGUAGE_STANDARD = "gnu++20";
				CLANG_ENABLE_MODULES = YES;
				CLANG_ENABLE_OBJC_ARC = YES;
				CLANG_ENABLE_OBJC_WEAK = YES;
				CLANG_WARN_BLOCK_CAPTURE_AUTORELEASING = YES;
				CLANG_WARN_BOOL_CONVERSION = YES;
				CLANG_WARN_COMMA = YES;
				CLANG_WARN_CONSTANT_CONVERSION = YES;
				CLANG_WARN_DEPRECATED_OBJC_IMPLEMENTATIONS = YES;
				CLANG_WARN_DIRECT_OBJC_ISA_USAGE = YES_ERROR;
				CLANG_WARN_DOCUMENTATION_COMMENTS = YES;
				CLANG_WARN_EMPTY_BODY = YES;
				CLANG_WARN_ENUM_CONVERSION = YES;
				CLANG_WARN_INFINITE_RECURSION = YES;
				CLANG_WARN_INT_CONVERSION = YES;
				CLANG_WARN_NON_LITERAL_NULL_CONVERSION = YES;
				CLANG_WARN_OBJC_IMPLICIT_RETAIN_SELF = YES;
				CLANG_WARN_OBJC_LITERAL_CONVERSION = YES;
				CLANG_WARN_OBJC_ROOT_CLASS = YES_ERROR;
				CLANG_WARN_QUOTED_INCLUDE_IN_FRAMEWORK_HEADER = YES;
				CLANG_WARN_RANGE_LOOP_ANALYSIS = YES;
				CLANG_WARN_STRICT_PROTOTYPES = YES;
				CLANG_WARN_SUSPICIOUS_MOVE = YES;
				CLANG_WARN_UNGUARDED_AVAILABILITY = YES_AGGRESSIVE;
				CLANG_WARN_UNREACHABLE_CODE = YES;
				CLANG_WARN__DUPLICATE_METHOD_MATCH = YES;
				COPY_PHASE_STRIP = NO;
				DEBUG_INFORMATION_FORMAT = "dwarf-with-dsym";
				ENABLE_NS_ASSERTIONS = NO;
				ENABLE_STRICT_OBJC_MSGSEND = YES;
				ENABLE_USER_SCRIPT_SANDBOXING = YES;
				GCC_C_LANGUAGE_STANDARD = gnu17;
				GCC_NO_COMMON_BLOCKS = YES;
				GCC_WARN_64_TO_32_BIT_CONVERSION = YES;
				GCC_WARN_ABOUT_RETURN_TYPE = YES_ERROR;
				GCC_WARN_UNDECLARED_SELECTOR = YES;
				GCC_WARN_UNINITIALIZED_AUTOS = YES_AGGRESSIVE;
				GCC_WARN_UNUSED_FUNCTION = YES;
				GCC_WARN_UNUSED_VARIABLE = YES;
				IPHONEOS_DEPLOYMENT_TARGET = 17.0;
				LOCALIZATION_PREFERS_STRING_CATALOGS = YES;
				MTL_ENABLE_DEBUG_INFO = NO;
				MTL_FAST_MATH = YES;
				SDKROOT = iphoneos;
				SWIFT_COMPILATION_MODE = wholemodule;
				VALIDATE_PRODUCT = YES;
			};
			name = Release;
		};
		B83D085D2AE3EDB5003A4EF5 /* Debug */ = {
			isa = XCBuildConfiguration;
			buildSettings = {
				ASSETCATALOG_COMPILER_APPICON_NAME = AppIcon;
				ASSETCATALOG_COMPILER_GLOBAL_ACCENT_COLOR_NAME = AccentColor;
				CODE_SIGN_STYLE = Automatic;
				CURRENT_PROJECT_VERSION = 1;
				DEVELOPMENT_ASSET_PATHS = "\"SDSwiftUIRouter/Preview Content\"";
				DEVELOPMENT_TEAM = 295QCHXTP4;
				ENABLE_PREVIEWS = YES;
				GENERATE_INFOPLIST_FILE = YES;
				INFOPLIST_KEY_UIApplicationSceneManifest_Generation = YES;
				INFOPLIST_KEY_UIApplicationSupportsIndirectInputEvents = YES;
				INFOPLIST_KEY_UILaunchScreen_Generation = YES;
				INFOPLIST_KEY_UISupportedInterfaceOrientations_iPad = "UIInterfaceOrientationPortrait UIInterfaceOrientationPortraitUpsideDown UIInterfaceOrientationLandscapeLeft UIInterfaceOrientationLandscapeRight";
				INFOPLIST_KEY_UISupportedInterfaceOrientations_iPhone = "UIInterfaceOrientationPortrait UIInterfaceOrientationLandscapeLeft UIInterfaceOrientationLandscapeRight";
				LD_RUNPATH_SEARCH_PATHS = (
					"$(inherited)",
					"@executable_path/Frameworks",
				);
				MARKETING_VERSION = 1.0;
				PRODUCT_BUNDLE_IDENTIFIER = com.ammon.mobile.SDSwiftUIRouter;
				PRODUCT_NAME = "$(TARGET_NAME)";
				SWIFT_EMIT_LOC_STRINGS = YES;
				SWIFT_VERSION = 5.0;
				TARGETED_DEVICE_FAMILY = "1,2";
			};
			name = Debug;
		};
		B83D085E2AE3EDB5003A4EF5 /* Release */ = {
			isa = XCBuildConfiguration;
			buildSettings = {
				ASSETCATALOG_COMPILER_APPICON_NAME = AppIcon;
				ASSETCATALOG_COMPILER_GLOBAL_ACCENT_COLOR_NAME = AccentColor;
				CODE_SIGN_STYLE = Automatic;
				CURRENT_PROJECT_VERSION = 1;
				DEVELOPMENT_ASSET_PATHS = "\"SDSwiftUIRouter/Preview Content\"";
				DEVELOPMENT_TEAM = 295QCHXTP4;
				ENABLE_PREVIEWS = YES;
				GENERATE_INFOPLIST_FILE = YES;
				INFOPLIST_KEY_UIApplicationSceneManifest_Generation = YES;
				INFOPLIST_KEY_UIApplicationSupportsIndirectInputEvents = YES;
				INFOPLIST_KEY_UILaunchScreen_Generation = YES;
				INFOPLIST_KEY_UISupportedInterfaceOrientations_iPad = "UIInterfaceOrientationPortrait UIInterfaceOrientationPortraitUpsideDown UIInterfaceOrientationLandscapeLeft UIInterfaceOrientationLandscapeRight";
				INFOPLIST_KEY_UISupportedInterfaceOrientations_iPhone = "UIInterfaceOrientationPortrait UIInterfaceOrientationLandscapeLeft UIInterfaceOrientationLandscapeRight";
				LD_RUNPATH_SEARCH_PATHS = (
					"$(inherited)",
					"@executable_path/Frameworks",
				);
				MARKETING_VERSION = 1.0;
				PRODUCT_BUNDLE_IDENTIFIER = com.ammon.mobile.SDSwiftUIRouter;
				PRODUCT_NAME = "$(TARGET_NAME)";
				SWIFT_EMIT_LOC_STRINGS = YES;
				SWIFT_VERSION = 5.0;
				TARGETED_DEVICE_FAMILY = "1,2";
			};
			name = Release;
		};
/* End XCBuildConfiguration section */

/* Begin XCConfigurationList section */
		B83D08492AE3EDB2003A4EF5 /* Build configuration list for PBXProject "SDSwiftUIRouter" */ = {
			isa = XCConfigurationList;
			buildConfigurations = (
				B83D085A2AE3EDB5003A4EF5 /* Debug */,
				B83D085B2AE3EDB5003A4EF5 /* Release */,
			);
			defaultConfigurationIsVisible = 0;
			defaultConfigurationName = Release;
		};
		B83D085C2AE3EDB5003A4EF5 /* Build configuration list for PBXNativeTarget "SDSwiftUIRouter" */ = {
			isa = XCConfigurationList;
			buildConfigurations = (
				B83D085D2AE3EDB5003A4EF5 /* Debug */,
				B83D085E2AE3EDB5003A4EF5 /* Release */,
			);
			defaultConfigurationIsVisible = 0;
			defaultConfigurationName = Release;
		};
/* End XCConfigurationList section */

/* Begin XCSwiftPackageProductDependency section */
		B83D08692AE455FB003A4EF5 /* Router */ = {
			isa = XCSwiftPackageProductDependency;
			productName = Router;
		};
/* End XCSwiftPackageProductDependency section */
	};
	rootObject = B83D08462AE3EDB2003A4EF5 /* Project object */;
}
